
Microsoft Visual Studio Solution File, Format Version 12.00
# Visual Studio Version 17
VisualStudioVersion = 17.6.33829.357
MinimumVisualStudioVersion = 10.0.40219.1
Project("{FAE04EC0-301F-11D3-BF4B-00C04F79EFBC}") = "Vendon.Core.Repository", "Vendon.Core.Repository\Vendon.Core.Repository.csproj", "{533DB33F-4AA6-4875-B700-96863757180A}"
EndProject
Project("{2150E333-8FDC-42A3-9474-1A3956D46DE8}") = "Applications", "Applications", "{3133C8C4-C773-4643-BAB0-D71EE1AA158A}"
EndProject
Project("{2150E333-8FDC-42A3-9474-1A3956D46DE8}") = "Repository", "Repository", "{F7F683A3-9347-4529-A47B-7F25D17203EC}"
EndProject
Global
	GlobalSection(SolutionConfigurationPlatforms) = preSolution
		Debug|Any CPU = Debug|Any CPU
		Release|Any CPU = Release|Any CPU
	EndGlobalSection
	GlobalSection(ProjectConfigurationPlatforms) = postSolution
		{533DB33F-4AA6-4875-B700-96863757180A}.Debug|Any CPU.ActiveCfg = Debug|Any CPU
		{533DB33F-4AA6-4875-B700-96863757180A}.Debug|Any CPU.Build.0 = Debug|Any CPU
		{533DB33F-4AA6-4875-B700-96863757180A}.Release|Any CPU.ActiveCfg = Release|Any CPU
		{533DB33F-4AA6-4875-B700-96863757180A}.Release|Any CPU.Build.0 = Release|Any CPU
	EndGlobalSection
	GlobalSection(SolutionProperties) = preSolution
		HideSolutionNode = FALSE
	EndGlobalSection
	GlobalSection(NestedProjects) = preSolution
		{533DB33F-4AA6-4875-B700-96863757180A} = {F7F683A3-9347-4529-A47B-7F25D17203EC}
	EndGlobalSection
	GlobalSection(ExtensibilityGlobals) = postSolution
		SolutionGuid = {92D7E355-AF9D-4B90-B520-5635BA83403D}
	EndGlobalSection
EndGlobal
